
Microsoft Visual Studio Solution File, Format Version 12.00
# Visual Studio Version 17
VisualStudioVersion = 17.0.32014.148
MinimumVisualStudioVersion = 10.0.40219.1
Project("{9A19103F-16F7-4668-BE54-9A1E7A4F7556}") = "PWPCli", "PWPCli\PWPCli.csproj", "{EB9E040A-A922-4D97-A0D7-0A608C153DFD}"
EndProject
Project("{FAE04EC0-301F-11D3-BF4B-00C04F79EFBC}") = "PWP.API", "PWP.API\PWP.API.csproj", "{6869F364-817A-4698-8296-2687892999D2}"
EndProject
Global
	GlobalSection(SolutionConfigurationPlatforms) = preSolution
		Debug|Any CPU = Debug|Any CPU
		Release|Any CPU = Release|Any CPU
	EndGlobalSection
	GlobalSection(ProjectConfigurationPlatforms) = postSolution
		{EB9E040A-A922-4D97-A0D7-0A608C153DFD}.Debug|Any CPU.ActiveCfg = Debug|Any CPU
		{EB9E040A-A922-4D97-A0D7-0A608C153DFD}.Debug|Any CPU.Build.0 = Debug|Any CPU
		{EB9E040A-A922-4D97-A0D7-0A608C153DFD}.Release|Any CPU.ActiveCfg = Release|Any CPU
		{EB9E040A-A922-4D97-A0D7-0A608C153DFD}.Release|Any CPU.Build.0 = Release|Any CPU
		{6869F364-817A-4698-8296-2687892999D2}.Debug|Any CPU.ActiveCfg = Debug|Any CPU
		{6869F364-817A-4698-8296-2687892999D2}.Debug|Any CPU.Build.0 = Debug|Any CPU
		{6869F364-817A-4698-8296-2687892999D2}.Release|Any CPU.ActiveCfg = Release|Any CPU
		{6869F364-817A-4698-8296-2687892999D2}.Release|Any CPU.Build.0 = Release|Any CPU
	EndGlobalSection
	GlobalSection(SolutionProperties) = preSolution
		HideSolutionNode = FALSE
	EndGlobalSection
	GlobalSection(ExtensibilityGlobals) = postSolution
		SolutionGuid = {621415D4-CFEB-4DE0-BA21-835A1B37F84A}
	EndGlobalSection
EndGlobal
